
Microsoft Visual Studio Solution File, Format Version 12.00
# Visual Studio Version 16
VisualStudioVersion = 16.0.29911.84
MinimumVisualStudioVersion = 10.0.40219.1
Project("{FAE04EC0-301F-11D3-BF4B-00C04F79EFBC}") = "Lab7-TSPP", "Lab7-TSPP\Lab7-TSPP.csproj", "{3A25BB04-87B2-428B-B936-A04A91A4C328}"
EndProject
Project("{2150E333-8FDC-42A3-9474-1A3956D46DE8}") = "Catalog", "Catalog", "{3AC45639-5694-4AF7-928C-A9A254A67F53}"
EndProject
Project("{FAE04EC0-301F-11D3-BF4B-00C04F79EFBC}") = "DAL", "DAL\DAL.csproj", "{6D79A8AE-109C-4EF9-B33B-9A86BD09C8CE}"
EndProject
Project("{FAE04EC0-301F-11D3-BF4B-00C04F79EFBC}") = "DAL.Tests", "DAL.Tests\DAL.Tests.csproj", "{24FD96B3-07BA-42C3-BF09-0EB825897C06}"
EndProject
Global
	GlobalSection(SolutionConfigurationPlatforms) = preSolution
		Debug|Any CPU = Debug|Any CPU
		Release|Any CPU = Release|Any CPU
	EndGlobalSection
	GlobalSection(ProjectConfigurationPlatforms) = postSolution
		{3A25BB04-87B2-428B-B936-A04A91A4C328}.Debug|Any CPU.ActiveCfg = Debug|Any CPU
		{3A25BB04-87B2-428B-B936-A04A91A4C328}.Debug|Any CPU.Build.0 = Debug|Any CPU
		{3A25BB04-87B2-428B-B936-A04A91A4C328}.Release|Any CPU.ActiveCfg = Release|Any CPU
		{3A25BB04-87B2-428B-B936-A04A91A4C328}.Release|Any CPU.Build.0 = Release|Any CPU
		{6D79A8AE-109C-4EF9-B33B-9A86BD09C8CE}.Debug|Any CPU.ActiveCfg = Debug|Any CPU
		{6D79A8AE-109C-4EF9-B33B-9A86BD09C8CE}.Debug|Any CPU.Build.0 = Debug|Any CPU
		{6D79A8AE-109C-4EF9-B33B-9A86BD09C8CE}.Release|Any CPU.ActiveCfg = Release|Any CPU
		{6D79A8AE-109C-4EF9-B33B-9A86BD09C8CE}.Release|Any CPU.Build.0 = Release|Any CPU
		{24FD96B3-07BA-42C3-BF09-0EB825897C06}.Debug|Any CPU.ActiveCfg = Debug|Any CPU
		{24FD96B3-07BA-42C3-BF09-0EB825897C06}.Debug|Any CPU.Build.0 = Debug|Any CPU
		{24FD96B3-07BA-42C3-BF09-0EB825897C06}.Release|Any CPU.ActiveCfg = Release|Any CPU
		{24FD96B3-07BA-42C3-BF09-0EB825897C06}.Release|Any CPU.Build.0 = Release|Any CPU
	EndGlobalSection
	GlobalSection(SolutionProperties) = preSolution
		HideSolutionNode = FALSE
	EndGlobalSection
	GlobalSection(NestedProjects) = preSolution
		{6D79A8AE-109C-4EF9-B33B-9A86BD09C8CE} = {3AC45639-5694-4AF7-928C-A9A254A67F53}
		{24FD96B3-07BA-42C3-BF09-0EB825897C06} = {3AC45639-5694-4AF7-928C-A9A254A67F53}
	EndGlobalSection
	GlobalSection(ExtensibilityGlobals) = postSolution
		SolutionGuid = {C7B70DA0-2D3D-44A8-90C5-56F63D233267}
	EndGlobalSection
EndGlobal
